{
  "name": "zologoas",
  "lockfileVersion": 3,
  "requires": true,
  "packages": {
    "": {
      "name": "zologoas",
      "dependencies": {
        "@vercel/speed-insights": "^1.2.0",
        "react-scripts": "^0.0.0"
      }
    },
    "node_modules/@vercel/speed-insights": {
      "version": "1.2.0",
      "resolved": "https://registry.npmjs.org/@vercel/speed-insights/-/speed-insights-1.2.0.tgz",
      "integrity": "sha512-y9GVzrUJ2xmgtQlzFP2KhVRoCglwfRQgjyfY607aU0hh0Un6d0OUyrJkjuAlsV18qR4zfoFPs/BiIj9YDS6Wzw==",
      "hasInstallScript": true,
      "license": "Apache-2.0",
      "peerDependencies": {
        "@sveltejs/kit": "^1 || ^2",
        "next": ">= 13",
        "react": "^18 || ^19 || ^19.0.0-rc",
        "svelte": ">= 4",
        "vue": "^3",
        "vue-router": "^4"
      },
      "peerDependenciesMeta": {
        "@sveltejs/kit": {
          "optional": true
        },
        "next": {
          "optional": true
        },
        "react": {
          "optional": true
        },
        "svelte": {
          "optional": true
        },
        "vue": {
          "optional": true
        },
        "vue-router": {
          "optional": true
        }
      }
    },
    "node_modules/react-scripts": {
      "version": "0.0.0",
      "resolved": "https://registry.npmjs.org/react-scripts/-/react-scripts-0.0.0.tgz",
      "integrity": "sha512-W7cVfdhbIvYrTjVaryO7WCpvzODu8V7JH/1O36RcfuzP3Cxjp5WpX5ycaoGt0LSQpntrem5jFSUoJrtvru1reA=="
    }
  }
}
